// !$*UTF8*$!
{
	archiveVersion = 1;
	classes = {
	};
	objectVersion = 50;
	objects = {

/* Begin PBXBuildFile section */
		343242EC2082C88500DF9E8F /* MainViewController+GameManager.swift in Sources */ = {isa = PBXBuildFile; fileRef = 343242EB2082C88500DF9E8F /* MainViewController+GameManager.swift */; };
		346B2823207F6F23006F0B96 /* AppDelegate.swift in Sources */ = {isa = PBXBuildFile; fileRef = 346B2822207F6F23006F0B96 /* AppDelegate.swift */; };
		346B2825207F6F23006F0B96 /* art.scnassets in Resources */ = {isa = PBXBuildFile; fileRef = 346B2824207F6F23006F0B96 /* art.scnassets */; };
		346B282A207F6F23006F0B96 /* Main.storyboard in Resources */ = {isa = PBXBuildFile; fileRef = 346B2828207F6F23006F0B96 /* Main.storyboard */; };
		346B282C207F6F26006F0B96 /* Assets.xcassets in Resources */ = {isa = PBXBuildFile; fileRef = 346B282B207F6F26006F0B96 /* Assets.xcassets */; };
		346B282F207F6F26006F0B96 /* LaunchScreen.storyboard in Resources */ = {isa = PBXBuildFile; fileRef = 346B282D207F6F26006F0B96 /* LaunchScreen.storyboard */; };
		346B283A207F6F26006F0B96 /* GusGameTests.swift in Sources */ = {isa = PBXBuildFile; fileRef = 346B2839207F6F26006F0B96 /* GusGameTests.swift */; };
		34913BBA207F71FE0031CD6F /* MainViewController.swift in Sources */ = {isa = PBXBuildFile; fileRef = 34913BB9207F71FE0031CD6F /* MainViewController.swift */; };
		34913BBD207F723D0031CD6F /* BasicViewController.swift in Sources */ = {isa = PBXBuildFile; fileRef = 34913BBC207F723D0031CD6F /* BasicViewController.swift */; };
		34913BBF207F759D0031CD6F /* ApiService.swift in Sources */ = {isa = PBXBuildFile; fileRef = 34913BBE207F759D0031CD6F /* ApiService.swift */; };
		34913BC1207F7FBB0031CD6F /* ApiService+euroData.swift in Sources */ = {isa = PBXBuildFile; fileRef = 34913BC0207F7FBB0031CD6F /* ApiService+euroData.swift */; };
		34913BC4207F88660031CD6F /* Country.swift in Sources */ = {isa = PBXBuildFile; fileRef = 34913BC3207F88660031CD6F /* Country.swift */; };
		34913BC7207F97C10031CD6F /* TableConverter.swift in Sources */ = {isa = PBXBuildFile; fileRef = 34913BC6207F97C10031CD6F /* TableConverter.swift */; };
		34913BCB207F9EA50031CD6F /* TableConverterTests.swift in Sources */ = {isa = PBXBuildFile; fileRef = 34913BCA207F9EA50031CD6F /* TableConverterTests.swift */; };
		34913BCD207FA1370031CD6F /* Table.swift in Sources */ = {isa = PBXBuildFile; fileRef = 34913BCC207FA1370031CD6F /* Table.swift */; };
		34913BCF207FA2610031CD6F /* Value.swift in Sources */ = {isa = PBXBuildFile; fileRef = 34913BCE207FA2610031CD6F /* Value.swift */; };
		34A9F2E42082A9AA00C192B1 /* Int+logarithm.swift in Sources */ = {isa = PBXBuildFile; fileRef = 34A9F2E32082A9AA00C192B1 /* Int+logarithm.swift */; };
		34A9F2E72082AA0300C192B1 /* WorkersPicker.swift in Sources */ = {isa = PBXBuildFile; fileRef = 34A9F2E52082AA0300C192B1 /* WorkersPicker.swift */; };
		34A9F2E82082AA0300C192B1 /* DelegateWorkersView.swift in Sources */ = {isa = PBXBuildFile; fileRef = 34A9F2E62082AA0300C192B1 /* DelegateWorkersView.swift */; };
		34A9F2F62082AA6000C192B1 /* PlayerView.swift in Sources */ = {isa = PBXBuildFile; fileRef = 34A9F2EF2082AA6000C192B1 /* PlayerView.swift */; };
		34A9F2F72082AA6000C192B1 /* PlayerView.xib in Resources */ = {isa = PBXBuildFile; fileRef = 34A9F2F02082AA6000C192B1 /* PlayerView.xib */; };
		34A9F2F82082AA6000C192B1 /* PlayersView.swift in Sources */ = {isa = PBXBuildFile; fileRef = 34A9F2F12082AA6000C192B1 /* PlayersView.swift */; };
		34A9F2F92082AA6000C192B1 /* MainView.swift in Sources */ = {isa = PBXBuildFile; fileRef = 34A9F2F22082AA6000C192B1 /* MainView.swift */; };
		34A9F2FA2082AA6000C192B1 /* LabelView.swift in Sources */ = {isa = PBXBuildFile; fileRef = 34A9F2F32082AA6000C192B1 /* LabelView.swift */; };
		34A9F2FC2082AD0E00C192B1 /* GameManager.swift in Sources */ = {isa = PBXBuildFile; fileRef = 34A9F2FB2082AD0E00C192B1 /* GameManager.swift */; };
		34DC1B572081FB2300AF0996 /* Game.swift in Sources */ = {isa = PBXBuildFile; fileRef = 34DC1B562081FB2300AF0996 /* Game.swift */; };
		34DC1B592081FB3500AF0996 /* Player.swift in Sources */ = {isa = PBXBuildFile; fileRef = 34DC1B582081FB3500AF0996 /* Player.swift */; };
		34DC1B5B2081FB4A00AF0996 /* Move.swift in Sources */ = {isa = PBXBuildFile; fileRef = 34DC1B5A2081FB4A00AF0996 /* Move.swift */; };
		34DC1B5E2081FBE500AF0996 /* BasicViews.swift in Sources */ = {isa = PBXBuildFile; fileRef = 34DC1B5D2081FBE500AF0996 /* BasicViews.swift */; };
		34DC1B602081FC9F00AF0996 /* OpacityControl.swift in Sources */ = {isa = PBXBuildFile; fileRef = 34DC1B5F2081FC9F00AF0996 /* OpacityControl.swift */; };
		34DC1B632081FD9C00AF0996 /* TextControl.swift in Sources */ = {isa = PBXBuildFile; fileRef = 34DC1B622081FD9C00AF0996 /* TextControl.swift */; };
		34DC1B652081FF7C00AF0996 /* UIColor+appColor.swift in Sources */ = {isa = PBXBuildFile; fileRef = 34DC1B642081FF7C00AF0996 /* UIColor+appColor.swift */; };
		34DC1B672081FFC000AF0996 /* UIFont+appFont.swift in Sources */ = {isa = PBXBuildFile; fileRef = 34DC1B662081FFC000AF0996 /* UIFont+appFont.swift */; };
		34DC1B69208202D500AF0996 /* CountriesHelper.swift in Sources */ = {isa = PBXBuildFile; fileRef = 34DC1B68208202D500AF0996 /* CountriesHelper.swift */; };
		34DC1B6B2082074300AF0996 /* SecondPhaseHelper.swift in Sources */ = {isa = PBXBuildFile; fileRef = 34DC1B6A2082074300AF0996 /* SecondPhaseHelper.swift */; };
		34EBF215208DD2F2005FEFF4 /* R.swift in Sources */ = {isa = PBXBuildFile; fileRef = 34EBF212208DD2F2005FEFF4 /* R.swift */; };
		34EBF217208DD36C005FEFF4 /* R_extensions.swift in Sources */ = {isa = PBXBuildFile; fileRef = 34EBF216208DD36C005FEFF4 /* R_extensions.swift */; };
		34EBF225208DD63C005FEFF4 /* Localizable.strings in Resources */ = {isa = PBXBuildFile; fileRef = 34EBF222208DD63C005FEFF4 /* Localizable.strings */; };
		34EBF22C208DD6E2005FEFF4 /* Localizable.stringsdict in Resources */ = {isa = PBXBuildFile; fileRef = 34EBF22A208DD6E2005FEFF4 /* Localizable.stringsdict */; };
		34EC6E9020822CA500DF5087 /* Phase.swift in Sources */ = {isa = PBXBuildFile; fileRef = 34EC6E8F20822CA500DF5087 /* Phase.swift */; };
		34EC6E9220822CCA00DF5087 /* FindCountryPhase.swift in Sources */ = {isa = PBXBuildFile; fileRef = 34EC6E9120822CCA00DF5087 /* FindCountryPhase.swift */; };
		34EC6E9420822E1C00DF5087 /* MutableGame.swift in Sources */ = {isa = PBXBuildFile; fileRef = 34EC6E9320822E1C00DF5087 /* MutableGame.swift */; };
		34EC6E9620822F3B00DF5087 /* PutWorkersPhase.swift in Sources */ = {isa = PBXBuildFile; fileRef = 34EC6E9520822F3B00DF5087 /* PutWorkersPhase.swift */; };
		34EC6E98208231B700DF5087 /* QuestionPhase.swift in Sources */ = {isa = PBXBuildFile; fileRef = 34EC6E97208231B700DF5087 /* QuestionPhase.swift */; };
		34EC6E9A2082336F00DF5087 /* NextPlayerPhase.swift in Sources */ = {isa = PBXBuildFile; fileRef = 34EC6E992082336F00DF5087 /* NextPlayerPhase.swift */; };
		34F7101820823D890094EC9F /* EndTurnPhase.swift in Sources */ = {isa = PBXBuildFile; fileRef = 34F7101720823D890094EC9F /* EndTurnPhase.swift */; };
		34F7101A208240F40094EC9F /* EndGamePhase.swift in Sources */ = {isa = PBXBuildFile; fileRef = 34F71019208240F40094EC9F /* EndGamePhase.swift */; };
		34F7101C208246090094EC9F /* QuestionData.swift in Sources */ = {isa = PBXBuildFile; fileRef = 34F7101B208246080094EC9F /* QuestionData.swift */; };
		34F7101E208249EC0094EC9F /* PresentDataPhase.swift in Sources */ = {isa = PBXBuildFile; fileRef = 34F7101D208249EC0094EC9F /* PresentDataPhase.swift */; };
		34FBF00920925E0000E2B6D3 /* InfoPlist.strings in Resources */ = {isa = PBXBuildFile; fileRef = 34FBF00B20925E0000E2B6D3 /* InfoPlist.strings */; };
		680D797BB9D373902CB0EF32 /* Pods_GusGameTests.framework in Frameworks */ = {isa = PBXBuildFile; fileRef = 489FE0B3EB54705685ED01BC /* Pods_GusGameTests.framework */; };
		9E6F6A9E2082167100635874 /* float4x4 Extension.swift in Sources */ = {isa = PBXBuildFile; fileRef = 9E6F6A9D2082167100635874 /* float4x4 Extension.swift */; };
		9E6F6AA020823F1600635874 /* BarNodeType.swift in Sources */ = {isa = PBXBuildFile; fileRef = 9E6F6A9F20823F1600635874 /* BarNodeType.swift */; };
		9EA0AF242083709B0061E21B /* InfoView.swift in Sources */ = {isa = PBXBuildFile; fileRef = 9EA0AF1F2083709A0061E21B /* InfoView.swift */; };
		9EA0AF252083709B0061E21B /* ScrollLabel.swift in Sources */ = {isa = PBXBuildFile; fileRef = 9EA0AF202083709A0061E21B /* ScrollLabel.swift */; };
		9EA0AF262083709B0061E21B /* MainInfoView.swift in Sources */ = {isa = PBXBuildFile; fileRef = 9EA0AF212083709A0061E21B /* MainInfoView.swift */; };
		9EE906992082A1EF000D9602 /* BarChartCreator.swift in Sources */ = {isa = PBXBuildFile; fileRef = 9EE906982082A1EF000D9602 /* BarChartCreator.swift */; };
		9EE9069B2082A4E5000D9602 /* ElementModel.swift in Sources */ = {isa = PBXBuildFile; fileRef = 9EE9069A2082A4E5000D9602 /* ElementModel.swift */; };
		9EE9069E2082AFD7000D9602 /* DataBarSelectorView.swift in Sources */ = {isa = PBXBuildFile; fileRef = 9EE9069D2082AFD7000D9602 /* DataBarSelectorView.swift */; };
		9EE906A72083047F000D9602 /* Animations.swift in Sources */ = {isa = PBXBuildFile; fileRef = 9EE906A62083047F000D9602 /* Animations.swift */; };
		9EE906AB2083590B000D9602 /* SummaryView.swift in Sources */ = {isa = PBXBuildFile; fileRef = 9EE906A92083590B000D9602 /* SummaryView.swift */; };
		9EE906AC2083590B000D9602 /* PositionView.swift in Sources */ = {isa = PBXBuildFile; fileRef = 9EE906AA2083590B000D9602 /* PositionView.swift */; };
		E90AA02EB5C8C27B7BCADBA2 /* Pods_GusGame.framework in Frameworks */ = {isa = PBXBuildFile; fileRef = D3C95457F1D35C764814FC41 /* Pods_GusGame.framework */; };
		F151FD8B208374750060B32F /* InfoViewIcon.swift in Sources */ = {isa = PBXBuildFile; fileRef = F151FD8A208374750060B32F /* InfoViewIcon.swift */; };
		F151FD8D2083762B0060B32F /* Storyboard.storyboard in Resources */ = {isa = PBXBuildFile; fileRef = F151FD8C2083762B0060B32F /* Storyboard.storyboard */; };
/* End PBXBuildFile section */

/* Begin PBXContainerItemProxy section */
		346B2836207F6F26006F0B96 /* PBXContainerItemProxy */ = {
			isa = PBXContainerItemProxy;
			containerPortal = 346B2817207F6F23006F0B96 /* Project object */;
			proxyType = 1;
			remoteGlobalIDString = 346B281E207F6F23006F0B96;
			remoteInfo = GusGame;
		};
		34EBF20B208DD164005FEFF4 /* PBXContainerItemProxy */ = {
			isa = PBXContainerItemProxy;
			containerPortal = 34EBF201208DD050005FEFF4 /* Translations.xcodeproj */;
			proxyType = 1;
			remoteGlobalIDString = 348060652008CB0100E6FE59;
			remoteInfo = Translations;
		};
/* End PBXContainerItemProxy section */

/* Begin PBXFileReference section */
		087F1F5C73D5BC50D7DB32BE /* Pods-GusGame.debug.xcconfig */ = {isa = PBXFileReference; includeInIndex = 1; lastKnownFileType = text.xcconfig; name = "Pods-GusGame.debug.xcconfig"; path = "Pods/Target Support Files/Pods-GusGame/Pods-GusGame.debug.xcconfig"; sourceTree = "<group>"; };
		343242EB2082C88500DF9E8F /* MainViewController+GameManager.swift */ = {isa = PBXFileReference; lastKnownFileType = sourcecode.swift; path = "MainViewController+GameManager.swift"; sourceTree = "<group>"; };
		346B281F207F6F23006F0B96 /* GusGame.app */ = {isa = PBXFileReference; explicitFileType = wrapper.application; includeInIndex = 0; path = GusGame.app; sourceTree = BUILT_PRODUCTS_DIR; };
		346B2822207F6F23006F0B96 /* AppDelegate.swift */ = {isa = PBXFileReference; lastKnownFileType = sourcecode.swift; path = AppDelegate.swift; sourceTree = "<group>"; };
		346B2824207F6F23006F0B96 /* art.scnassets */ = {isa = PBXFileReference; lastKnownFileType = wrapper.scnassets; path = art.scnassets; sourceTree = "<group>"; };
		346B282B207F6F26006F0B96 /* Assets.xcassets */ = {isa = PBXFileReference; lastKnownFileType = folder.assetcatalog; path = Assets.xcassets; sourceTree = "<group>"; };
		346B282E207F6F26006F0B96 /* Base */ = {isa = PBXFileReference; lastKnownFileType = file.storyboard; name = Base; path = Base.lproj/LaunchScreen.storyboard; sourceTree = "<group>"; };
		346B2830207F6F26006F0B96 /* Info.plist */ = {isa = PBXFileReference; lastKnownFileType = text.plist.xml; path = Info.plist; sourceTree = "<group>"; };
		346B2835207F6F26006F0B96 /* GusGameTests.xctest */ = {isa = PBXFileReference; explicitFileType = wrapper.cfbundle; includeInIndex = 0; path = GusGameTests.xctest; sourceTree = BUILT_PRODUCTS_DIR; };
		346B2839207F6F26006F0B96 /* GusGameTests.swift */ = {isa = PBXFileReference; lastKnownFileType = sourcecode.swift; path = GusGameTests.swift; sourceTree = "<group>"; };
		346B283B207F6F26006F0B96 /* Info.plist */ = {isa = PBXFileReference; lastKnownFileType = text.plist.xml; path = Info.plist; sourceTree = "<group>"; };
		34913BB9207F71FE0031CD6F /* MainViewController.swift */ = {isa = PBXFileReference; lastKnownFileType = sourcecode.swift; path = MainViewController.swift; sourceTree = "<group>"; };
		34913BBC207F723D0031CD6F /* BasicViewController.swift */ = {isa = PBXFileReference; lastKnownFileType = sourcecode.swift; path = BasicViewController.swift; sourceTree = "<group>"; };
		34913BBE207F759D0031CD6F /* ApiService.swift */ = {isa = PBXFileReference; lastKnownFileType = sourcecode.swift; path = ApiService.swift; sourceTree = "<group>"; };
		34913BC0207F7FBB0031CD6F /* ApiService+euroData.swift */ = {isa = PBXFileReference; lastKnownFileType = sourcecode.swift; path = "ApiService+euroData.swift"; sourceTree = "<group>"; };
		34913BC3207F88660031CD6F /* Country.swift */ = {isa = PBXFileReference; lastKnownFileType = sourcecode.swift; path = Country.swift; sourceTree = "<group>"; };
		34913BC6207F97C10031CD6F /* TableConverter.swift */ = {isa = PBXFileReference; lastKnownFileType = sourcecode.swift; path = TableConverter.swift; sourceTree = "<group>"; };
		34913BCA207F9EA50031CD6F /* TableConverterTests.swift */ = {isa = PBXFileReference; lastKnownFileType = sourcecode.swift; path = TableConverterTests.swift; sourceTree = "<group>"; };
		34913BCC207FA1370031CD6F /* Table.swift */ = {isa = PBXFileReference; lastKnownFileType = sourcecode.swift; path = Table.swift; sourceTree = "<group>"; };
		34913BCE207FA2610031CD6F /* Value.swift */ = {isa = PBXFileReference; lastKnownFileType = sourcecode.swift; path = Value.swift; sourceTree = "<group>"; };
		34A9F2E32082A9AA00C192B1 /* Int+logarithm.swift */ = {isa = PBXFileReference; fileEncoding = 4; lastKnownFileType = sourcecode.swift; path = "Int+logarithm.swift"; sourceTree = "<group>"; };
		34A9F2E52082AA0300C192B1 /* WorkersPicker.swift */ = {isa = PBXFileReference; fileEncoding = 4; lastKnownFileType = sourcecode.swift; path = WorkersPicker.swift; sourceTree = "<group>"; };
		34A9F2E62082AA0300C192B1 /* DelegateWorkersView.swift */ = {isa = PBXFileReference; fileEncoding = 4; lastKnownFileType = sourcecode.swift; path = DelegateWorkersView.swift; sourceTree = "<group>"; };
		34A9F2EF2082AA6000C192B1 /* PlayerView.swift */ = {isa = PBXFileReference; fileEncoding = 4; lastKnownFileType = sourcecode.swift; path = PlayerView.swift; sourceTree = "<group>"; };
		34A9F2F02082AA6000C192B1 /* PlayerView.xib */ = {isa = PBXFileReference; fileEncoding = 4; lastKnownFileType = file.xib; path = PlayerView.xib; sourceTree = "<group>"; };
		34A9F2F12082AA6000C192B1 /* PlayersView.swift */ = {isa = PBXFileReference; fileEncoding = 4; lastKnownFileType = sourcecode.swift; path = PlayersView.swift; sourceTree = "<group>"; };
		34A9F2F22082AA6000C192B1 /* MainView.swift */ = {isa = PBXFileReference; fileEncoding = 4; lastKnownFileType = sourcecode.swift; path = MainView.swift; sourceTree = "<group>"; };
		34A9F2F32082AA6000C192B1 /* LabelView.swift */ = {isa = PBXFileReference; fileEncoding = 4; lastKnownFileType = sourcecode.swift; path = LabelView.swift; sourceTree = "<group>"; };
		34A9F2FB2082AD0E00C192B1 /* GameManager.swift */ = {isa = PBXFileReference; lastKnownFileType = sourcecode.swift; path = GameManager.swift; sourceTree = "<group>"; };
		34DC1B562081FB2300AF0996 /* Game.swift */ = {isa = PBXFileReference; lastKnownFileType = sourcecode.swift; path = Game.swift; sourceTree = "<group>"; };
		34DC1B582081FB3500AF0996 /* Player.swift */ = {isa = PBXFileReference; lastKnownFileType = sourcecode.swift; path = Player.swift; sourceTree = "<group>"; };
		34DC1B5A2081FB4A00AF0996 /* Move.swift */ = {isa = PBXFileReference; lastKnownFileType = sourcecode.swift; path = Move.swift; sourceTree = "<group>"; };
		34DC1B5D2081FBE500AF0996 /* BasicViews.swift */ = {isa = PBXFileReference; lastKnownFileType = sourcecode.swift; path = BasicViews.swift; sourceTree = "<group>"; };
		34DC1B5F2081FC9F00AF0996 /* OpacityControl.swift */ = {isa = PBXFileReference; lastKnownFileType = sourcecode.swift; path = OpacityControl.swift; sourceTree = "<group>"; };
		34DC1B622081FD9C00AF0996 /* TextControl.swift */ = {isa = PBXFileReference; lastKnownFileType = sourcecode.swift; path = TextControl.swift; sourceTree = "<group>"; };
		34DC1B642081FF7C00AF0996 /* UIColor+appColor.swift */ = {isa = PBXFileReference; lastKnownFileType = sourcecode.swift; path = "UIColor+appColor.swift"; sourceTree = "<group>"; };
		34DC1B662081FFC000AF0996 /* UIFont+appFont.swift */ = {isa = PBXFileReference; lastKnownFileType = sourcecode.swift; path = "UIFont+appFont.swift"; sourceTree = "<group>"; };
		34DC1B68208202D500AF0996 /* CountriesHelper.swift */ = {isa = PBXFileReference; lastKnownFileType = sourcecode.swift; path = CountriesHelper.swift; sourceTree = "<group>"; };
		34DC1B6A2082074300AF0996 /* SecondPhaseHelper.swift */ = {isa = PBXFileReference; lastKnownFileType = sourcecode.swift; path = SecondPhaseHelper.swift; sourceTree = "<group>"; };
		34EBF200208DD050005FEFF4 /* ios-strings.rb */ = {isa = PBXFileReference; fileEncoding = 4; lastKnownFileType = text.script.ruby; path = "ios-strings.rb"; sourceTree = "<group>"; };
		34EBF201208DD050005FEFF4 /* Translations.xcodeproj */ = {isa = PBXFileReference; lastKnownFileType = "wrapper.pb-project"; path = Translations.xcodeproj; sourceTree = "<group>"; };
		34EBF209208DD0EA005FEFF4 /* hmm.xml */ = {isa = PBXFileReference; lastKnownFileType = text.xml; path = hmm.xml; sourceTree = "<group>"; };
		34EBF212208DD2F2005FEFF4 /* R.swift */ = {isa = PBXFileReference; fileEncoding = 4; lastKnownFileType = sourcecode.swift; path = R.swift; sourceTree = "<group>"; };
		34EBF216208DD36C005FEFF4 /* R_extensions.swift */ = {isa = PBXFileReference; lastKnownFileType = sourcecode.swift; path = R_extensions.swift; sourceTree = "<group>"; };
		34EBF219208DD444005FEFF4 /* Base */ = {isa = PBXFileReference; lastKnownFileType = file.storyboard; name = Base; path = Base.lproj/Main.storyboard; sourceTree = "<group>"; };
		34EBF21E208DD575005FEFF4 /* hmm.xml */ = {isa = PBXFileReference; fileEncoding = 4; lastKnownFileType = text.xml; path = hmm.xml; sourceTree = "<group>"; };
		34EBF223208DD63C005FEFF4 /* Base */ = {isa = PBXFileReference; lastKnownFileType = text.plist.strings; name = Base; path = Base.lproj/Localizable.strings; sourceTree = "<group>"; };
		34EBF227208DD655005FEFF4 /* pl */ = {isa = PBXFileReference; lastKnownFileType = text.plist.strings; name = pl; path = pl.lproj/Localizable.strings; sourceTree = "<group>"; };
		34EBF22B208DD6E2005FEFF4 /* Base */ = {isa = PBXFileReference; lastKnownFileType = text.plist.stringsdict; name = Base; path = Base.lproj/Localizable.stringsdict; sourceTree = "<group>"; };
		34EBF22D208DD6EC005FEFF4 /* pl */ = {isa = PBXFileReference; lastKnownFileType = text.plist.stringsdict; name = pl; path = pl.lproj/Localizable.stringsdict; sourceTree = "<group>"; };
		34EBF22E208DDA37005FEFF4 /* game_strings.xml */ = {isa = PBXFileReference; lastKnownFileType = text.xml; path = game_strings.xml; sourceTree = "<group>"; };
		34EBF230208DDA46005FEFF4 /* game_strings.xml */ = {isa = PBXFileReference; lastKnownFileType = text.xml; path = game_strings.xml; sourceTree = "<group>"; };
		34EBF232208DF2B6005FEFF4 /* data_strings.xml */ = {isa = PBXFileReference; lastKnownFileType = text.xml; path = data_strings.xml; sourceTree = "<group>"; };
		34EBF236208DF36E005FEFF4 /* data_strings.xml */ = {isa = PBXFileReference; lastKnownFileType = text.xml; path = data_strings.xml; sourceTree = "<group>"; };
		34EC6E8F20822CA500DF5087 /* Phase.swift */ = {isa = PBXFileReference; lastKnownFileType = sourcecode.swift; path = Phase.swift; sourceTree = "<group>"; };
		34EC6E9120822CCA00DF5087 /* FindCountryPhase.swift */ = {isa = PBXFileReference; lastKnownFileType = sourcecode.swift; path = FindCountryPhase.swift; sourceTree = "<group>"; };
		34EC6E9320822E1C00DF5087 /* MutableGame.swift */ = {isa = PBXFileReference; lastKnownFileType = sourcecode.swift; path = MutableGame.swift; sourceTree = "<group>"; };
		34EC6E9520822F3B00DF5087 /* PutWorkersPhase.swift */ = {isa = PBXFileReference; lastKnownFileType = sourcecode.swift; path = PutWorkersPhase.swift; sourceTree = "<group>"; };
		34EC6E97208231B700DF5087 /* QuestionPhase.swift */ = {isa = PBXFileReference; lastKnownFileType = sourcecode.swift; path = QuestionPhase.swift; sourceTree = "<group>"; };
		34EC6E992082336F00DF5087 /* NextPlayerPhase.swift */ = {isa = PBXFileReference; lastKnownFileType = sourcecode.swift; path = NextPlayerPhase.swift; sourceTree = "<group>"; };
		34F7101720823D890094EC9F /* EndTurnPhase.swift */ = {isa = PBXFileReference; lastKnownFileType = sourcecode.swift; path = EndTurnPhase.swift; sourceTree = "<group>"; };
		34F71019208240F40094EC9F /* EndGamePhase.swift */ = {isa = PBXFileReference; lastKnownFileType = sourcecode.swift; path = EndGamePhase.swift; sourceTree = "<group>"; };
		34F7101B208246080094EC9F /* QuestionData.swift */ = {isa = PBXFileReference; lastKnownFileType = sourcecode.swift; path = QuestionData.swift; sourceTree = "<group>"; };
		34F7101D208249EC0094EC9F /* PresentDataPhase.swift */ = {isa = PBXFileReference; lastKnownFileType = sourcecode.swift; path = PresentDataPhase.swift; sourceTree = "<group>"; };
		34FBF00A20925E0000E2B6D3 /* pl */ = {isa = PBXFileReference; lastKnownFileType = text.plist.strings; name = pl; path = pl.lproj/InfoPlist.strings; sourceTree = "<group>"; };
		34FBF00C20925E0200E2B6D3 /* en */ = {isa = PBXFileReference; lastKnownFileType = text.plist.strings; name = en; path = en.lproj/InfoPlist.strings; sourceTree = "<group>"; };
		489FE0B3EB54705685ED01BC /* Pods_GusGameTests.framework */ = {isa = PBXFileReference; explicitFileType = wrapper.framework; includeInIndex = 0; path = Pods_GusGameTests.framework; sourceTree = BUILT_PRODUCTS_DIR; };
		7C831D4C968E17BE88CD983C /* Pods-GusGameTests.debug.xcconfig */ = {isa = PBXFileReference; includeInIndex = 1; lastKnownFileType = text.xcconfig; name = "Pods-GusGameTests.debug.xcconfig"; path = "Pods/Target Support Files/Pods-GusGameTests/Pods-GusGameTests.debug.xcconfig"; sourceTree = "<group>"; };
		805215B825499F75CEE9BDA6 /* Pods-GusGameTests.release.xcconfig */ = {isa = PBXFileReference; includeInIndex = 1; lastKnownFileType = text.xcconfig; name = "Pods-GusGameTests.release.xcconfig"; path = "Pods/Target Support Files/Pods-GusGameTests/Pods-GusGameTests.release.xcconfig"; sourceTree = "<group>"; };
		9E6F6A9D2082167100635874 /* float4x4 Extension.swift */ = {isa = PBXFileReference; lastKnownFileType = sourcecode.swift; path = "float4x4 Extension.swift"; sourceTree = "<group>"; };
		9E6F6A9F20823F1600635874 /* BarNodeType.swift */ = {isa = PBXFileReference; lastKnownFileType = sourcecode.swift; path = BarNodeType.swift; sourceTree = "<group>"; };
		9EA0AF1F2083709A0061E21B /* InfoView.swift */ = {isa = PBXFileReference; fileEncoding = 4; lastKnownFileType = sourcecode.swift; path = InfoView.swift; sourceTree = "<group>"; };
		9EA0AF202083709A0061E21B /* ScrollLabel.swift */ = {isa = PBXFileReference; fileEncoding = 4; lastKnownFileType = sourcecode.swift; path = ScrollLabel.swift; sourceTree = "<group>"; };
		9EA0AF212083709A0061E21B /* MainInfoView.swift */ = {isa = PBXFileReference; fileEncoding = 4; lastKnownFileType = sourcecode.swift; path = MainInfoView.swift; sourceTree = "<group>"; };
		9EE906982082A1EF000D9602 /* BarChartCreator.swift */ = {isa = PBXFileReference; lastKnownFileType = sourcecode.swift; path = BarChartCreator.swift; sourceTree = "<group>"; };
		9EE9069A2082A4E5000D9602 /* ElementModel.swift */ = {isa = PBXFileReference; lastKnownFileType = sourcecode.swift; path = ElementModel.swift; sourceTree = "<group>"; };
		9EE9069D2082AFD7000D9602 /* DataBarSelectorView.swift */ = {isa = PBXFileReference; lastKnownFileType = sourcecode.swift; path = DataBarSelectorView.swift; sourceTree = "<group>"; };
		9EE906A62083047F000D9602 /* Animations.swift */ = {isa = PBXFileReference; lastKnownFileType = sourcecode.swift; path = Animations.swift; sourceTree = "<group>"; };
		9EE906A92083590B000D9602 /* SummaryView.swift */ = {isa = PBXFileReference; fileEncoding = 4; lastKnownFileType = sourcecode.swift; path = SummaryView.swift; sourceTree = "<group>"; };
		9EE906AA2083590B000D9602 /* PositionView.swift */ = {isa = PBXFileReference; fileEncoding = 4; lastKnownFileType = sourcecode.swift; path = PositionView.swift; sourceTree = "<group>"; };
		AF6F809B0B18D09B6BB90295 /* Pods-GusGame.release.xcconfig */ = {isa = PBXFileReference; includeInIndex = 1; lastKnownFileType = text.xcconfig; name = "Pods-GusGame.release.xcconfig"; path = "Pods/Target Support Files/Pods-GusGame/Pods-GusGame.release.xcconfig"; sourceTree = "<group>"; };
		D3C95457F1D35C764814FC41 /* Pods_GusGame.framework */ = {isa = PBXFileReference; explicitFileType = wrapper.framework; includeInIndex = 0; path = Pods_GusGame.framework; sourceTree = BUILT_PRODUCTS_DIR; };
		F151FD8A208374750060B32F /* InfoViewIcon.swift */ = {isa = PBXFileReference; lastKnownFileType = sourcecode.swift; path = InfoViewIcon.swift; sourceTree = "<group>"; };
		F151FD8C2083762B0060B32F /* Storyboard.storyboard */ = {isa = PBXFileReference; lastKnownFileType = file.storyboard; path = Storyboard.storyboard; sourceTree = "<group>"; };
/* End PBXFileReference section */

/* Begin PBXFrameworksBuildPhase section */
		346B281C207F6F23006F0B96 /* Frameworks */ = {
			isa = PBXFrameworksBuildPhase;
			buildActionMask = 2147483647;
			files = (
				E90AA02EB5C8C27B7BCADBA2 /* Pods_GusGame.framework in Frameworks */,
			);
			runOnlyForDeploymentPostprocessing = 0;
		};
		346B2832207F6F26006F0B96 /* Frameworks */ = {
			isa = PBXFrameworksBuildPhase;
			buildActionMask = 2147483647;
			files = (
				680D797BB9D373902CB0EF32 /* Pods_GusGameTests.framework in Frameworks */,
			);
			runOnlyForDeploymentPostprocessing = 0;
		};
/* End PBXFrameworksBuildPhase section */

/* Begin PBXGroup section */
		346B2816207F6F23006F0B96 = {
			isa = PBXGroup;
			children = (
				34EBF1FE208DD050005FEFF4 /* Scripts */,
				346B2821207F6F23006F0B96 /* GusGame */,
				346B2838207F6F26006F0B96 /* GusGameTests */,
				346B2820207F6F23006F0B96 /* Products */,
				62B2D09AE6D40ACFCDFE3D5D /* Pods */,
				C5C1189BA0183E8ABF952EBA /* Frameworks */,
			);
			sourceTree = "<group>";
		};
		346B2820207F6F23006F0B96 /* Products */ = {
			isa = PBXGroup;
			children = (
				346B281F207F6F23006F0B96 /* GusGame.app */,
				346B2835207F6F26006F0B96 /* GusGameTests.xctest */,
			);
			name = Products;
			sourceTree = "<group>";
		};
		346B2821207F6F23006F0B96 /* GusGame */ = {
			isa = PBXGroup;
			children = (
				34913BB5207F71960031CD6F /* modules */,
				34913BB7207F71970031CD6F /* api */,
				34DC1B552081FAF500AF0996 /* gameLogic */,
				34DC1B4B2081F04200AF0996 /* translations */,
				34913BB6207F71960031CD6F /* common */,
				9E6F6A942082123F00635874 /* helpers */,
				9E6F6A962082127400635874 /* 3dModels */,
				9E6F6A952082125000635874 /* support files */,
			);
			path = GusGame;
			sourceTree = "<group>";
		};
		346B2838207F6F26006F0B96 /* GusGameTests */ = {
			isa = PBXGroup;
			children = (
				34913BC8207F9E3F0031CD6F /* common */,
				346B2839207F6F26006F0B96 /* GusGameTests.swift */,
				346B283B207F6F26006F0B96 /* Info.plist */,
			);
			path = GusGameTests;
			sourceTree = "<group>";
		};
		34913BB5207F71960031CD6F /* modules */ = {
			isa = PBXGroup;
			children = (
				34913BB8207F71D70031CD6F /* main */,
			);
			path = modules;
			sourceTree = "<group>";
		};
		34913BB6207F71960031CD6F /* common */ = {
			isa = PBXGroup;
			children = (
				9EE906A520830472000D9602 /* animations */,
				34913BC5207F979F0031CD6F /* algorithms */,
				34913BBB207F722D0031CD6F /* controllers */,
				34DC1B5C2081FBB400AF0996 /* UIKit */,
				34DC1B612081FD7700AF0996 /* views */,
			);
			path = common;
			sourceTree = "<group>";
		};
		34913BB7207F71970031CD6F /* api */ = {
			isa = PBXGroup;
			children = (
				34913BBE207F759D0031CD6F /* ApiService.swift */,
				34913BC0207F7FBB0031CD6F /* ApiService+euroData.swift */,
				34913BC2207F88080031CD6F /* models */,
			);
			path = api;
			sourceTree = "<group>";
		};
		34913BB8207F71D70031CD6F /* main */ = {
			isa = PBXGroup;
			children = (
				34A9F2E92082AA6000C192B1 /* views */,
				34A9F2E62082AA0300C192B1 /* DelegateWorkersView.swift */,
				34A9F2E52082AA0300C192B1 /* WorkersPicker.swift */,
				346B2828207F6F23006F0B96 /* Main.storyboard */,
				34913BB9207F71FE0031CD6F /* MainViewController.swift */,
				9EE906982082A1EF000D9602 /* BarChartCreator.swift */,
				9E6F6A9F20823F1600635874 /* BarNodeType.swift */,
				9EE9069A2082A4E5000D9602 /* ElementModel.swift */,
			);
			path = main;
			sourceTree = "<group>";
		};
		34913BBB207F722D0031CD6F /* controllers */ = {
			isa = PBXGroup;
			children = (
				34913BBC207F723D0031CD6F /* BasicViewController.swift */,
			);
			path = controllers;
			sourceTree = "<group>";
		};
		34913BC2207F88080031CD6F /* models */ = {
			isa = PBXGroup;
			children = (
				34913BC3207F88660031CD6F /* Country.swift */,
				34913BCC207FA1370031CD6F /* Table.swift */,
				34913BCE207FA2610031CD6F /* Value.swift */,
			);
			path = models;
			sourceTree = "<group>";
		};
		34913BC5207F979F0031CD6F /* algorithms */ = {
			isa = PBXGroup;
			children = (
				34913BC6207F97C10031CD6F /* TableConverter.swift */,
				34A9F2E32082A9AA00C192B1 /* Int+logarithm.swift */,
			);
			path = algorithms;
			sourceTree = "<group>";
		};
		34913BC8207F9E3F0031CD6F /* common */ = {
			isa = PBXGroup;
			children = (
				34913BC9207F9E3F0031CD6F /* algorithms */,
			);
			path = common;
			sourceTree = "<group>";
		};
		34913BC9207F9E3F0031CD6F /* algorithms */ = {
			isa = PBXGroup;
			children = (
				34913BCA207F9EA50031CD6F /* TableConverterTests.swift */,
			);
			path = algorithms;
			sourceTree = "<group>";
		};
		34A9F2E92082AA6000C192B1 /* views */ = {
			isa = PBXGroup;
			children = (
				9EE9069C2082AF9B000D9602 /* DataBarSelectorView */,
				34A9F2ED2082AA6000C192B1 /* playersView */,
				34A9F2F22082AA6000C192B1 /* MainView.swift */,
				34A9F2F32082AA6000C192B1 /* LabelView.swift */,
			);
			path = views;
			sourceTree = "<group>";
		};
		34A9F2ED2082AA6000C192B1 /* playersView */ = {
			isa = PBXGroup;
			children = (
				34A9F2EE2082AA6000C192B1 /* playerView */,
				34A9F2F12082AA6000C192B1 /* PlayersView.swift */,
			);
			path = playersView;
			sourceTree = "<group>";
		};
		34A9F2EE2082AA6000C192B1 /* playerView */ = {
			isa = PBXGroup;
			children = (
				34A9F2EF2082AA6000C192B1 /* PlayerView.swift */,
				34A9F2F02082AA6000C192B1 /* PlayerView.xib */,
			);
			path = playerView;
			sourceTree = "<group>";
		};
		34DC1B4B2081F04200AF0996 /* translations */ = {
			isa = PBXGroup;
			children = (
				34EBF208208DD0CD005FEFF4 /* DO_NOT_EDIT */,
				34EBF206208DD0CD005FEFF4 /* res */,
				34EBF216208DD36C005FEFF4 /* R_extensions.swift */,
				34FBF00B20925E0000E2B6D3 /* InfoPlist.strings */,
			);
			path = translations;
			sourceTree = "<group>";
		};
		34DC1B552081FAF500AF0996 /* gameLogic */ = {
			isa = PBXGroup;
			children = (
				34EC6E8E20822C1B00DF5087 /* phases */,
				34DC1B562081FB2300AF0996 /* Game.swift */,
				34EC6E9320822E1C00DF5087 /* MutableGame.swift */,
				34DC1B68208202D500AF0996 /* CountriesHelper.swift */,
				34DC1B6A2082074300AF0996 /* SecondPhaseHelper.swift */,
				34DC1B582081FB3500AF0996 /* Player.swift */,
				34DC1B5A2081FB4A00AF0996 /* Move.swift */,
				34F7101B208246080094EC9F /* QuestionData.swift */,
				34A9F2FB2082AD0E00C192B1 /* GameManager.swift */,
				343242EB2082C88500DF9E8F /* MainViewController+GameManager.swift */,
			);
			path = gameLogic;
			sourceTree = "<group>";
		};
		34DC1B5C2081FBB400AF0996 /* UIKit */ = {
			isa = PBXGroup;
			children = (
				34DC1B5D2081FBE500AF0996 /* BasicViews.swift */,
				34DC1B5F2081FC9F00AF0996 /* OpacityControl.swift */,
			);
			path = UIKit;
			sourceTree = "<group>";
		};
		34DC1B612081FD7700AF0996 /* views */ = {
			isa = PBXGroup;
			children = (
				34DC1B622081FD9C00AF0996 /* TextControl.swift */,
			);
			path = views;
			sourceTree = "<group>";
		};
		34EBF1FE208DD050005FEFF4 /* Scripts */ = {
			isa = PBXGroup;
			children = (
				34EBF1FF208DD050005FEFF4 /* Translations */,
			);
			path = Scripts;
			sourceTree = "<group>";
		};
		34EBF1FF208DD050005FEFF4 /* Translations */ = {
			isa = PBXGroup;
			children = (
				34EBF200208DD050005FEFF4 /* ios-strings.rb */,
				34EBF201208DD050005FEFF4 /* Translations.xcodeproj */,
			);
			path = Translations;
			sourceTree = "<group>";
		};
		34EBF202208DD050005FEFF4 /* Products */ = {
			isa = PBXGroup;
			children = (
			);
			name = Products;
			sourceTree = "<group>";
		};
		34EBF206208DD0CD005FEFF4 /* res */ = {
			isa = PBXGroup;
			children = (
				34EBF21D208DD575005FEFF4 /* values */,
				34EBF207208DD0CD005FEFF4 /* values-pl */,
			);
			path = res;
			sourceTree = "<group>";
		};
		34EBF207208DD0CD005FEFF4 /* values-pl */ = {
			isa = PBXGroup;
			children = (
				34EBF209208DD0EA005FEFF4 /* hmm.xml */,
				34EBF230208DDA46005FEFF4 /* game_strings.xml */,
				34EBF232208DF2B6005FEFF4 /* data_strings.xml */,
			);
			path = "values-pl";
			sourceTree = "<group>";
		};
		34EBF208208DD0CD005FEFF4 /* DO_NOT_EDIT */ = {
			isa = PBXGroup;
			children = (
				34EBF22A208DD6E2005FEFF4 /* Localizable.stringsdict */,
				34EBF222208DD63C005FEFF4 /* Localizable.strings */,
				34EBF212208DD2F2005FEFF4 /* R.swift */,
			);
			path = DO_NOT_EDIT;
			sourceTree = "<group>";
		};
		34EBF21D208DD575005FEFF4 /* values */ = {
			isa = PBXGroup;
			children = (
				34EBF21E208DD575005FEFF4 /* hmm.xml */,
				34EBF22E208DDA37005FEFF4 /* game_strings.xml */,
				34EBF236208DF36E005FEFF4 /* data_strings.xml */,
			);
			path = values;
			sourceTree = "<group>";
		};
		34EC6E8E20822C1B00DF5087 /* phases */ = {
			isa = PBXGroup;
			children = (
				34EC6E8F20822CA500DF5087 /* Phase.swift */,
				34EC6E9120822CCA00DF5087 /* FindCountryPhase.swift */,
				34F7101D208249EC0094EC9F /* PresentDataPhase.swift */,
				34EC6E9520822F3B00DF5087 /* PutWorkersPhase.swift */,
				34EC6E97208231B700DF5087 /* QuestionPhase.swift */,
				34EC6E992082336F00DF5087 /* NextPlayerPhase.swift */,
				34F7101720823D890094EC9F /* EndTurnPhase.swift */,
				34F71019208240F40094EC9F /* EndGamePhase.swift */,
			);
			path = phases;
			sourceTree = "<group>";
		};
		62B2D09AE6D40ACFCDFE3D5D /* Pods */ = {
			isa = PBXGroup;
			children = (
				087F1F5C73D5BC50D7DB32BE /* Pods-GusGame.debug.xcconfig */,
				AF6F809B0B18D09B6BB90295 /* Pods-GusGame.release.xcconfig */,
				7C831D4C968E17BE88CD983C /* Pods-GusGameTests.debug.xcconfig */,
				805215B825499F75CEE9BDA6 /* Pods-GusGameTests.release.xcconfig */,
			);
			name = Pods;
			sourceTree = "<group>";
		};
		9E6F6A942082123F00635874 /* helpers */ = {
			isa = PBXGroup;
			children = (
				9E6F6A9C2082165A00635874 /* Extensions */,
				9E6F6A9B2082165600635874 /* Font */,
				9E6F6A9A2082164F00635874 /* Color */,
			);
			path = helpers;
			sourceTree = "<group>";
		};
		9E6F6A952082125000635874 /* support files */ = {
			isa = PBXGroup;
			children = (
				346B282B207F6F26006F0B96 /* Assets.xcassets */,
				346B2822207F6F23006F0B96 /* AppDelegate.swift */,
				346B282D207F6F26006F0B96 /* LaunchScreen.storyboard */,
				346B2830207F6F26006F0B96 /* Info.plist */,
			);
			path = "support files";
			sourceTree = "<group>";
		};
		9E6F6A962082127400635874 /* 3dModels */ = {
			isa = PBXGroup;
			children = (
				346B2824207F6F23006F0B96 /* art.scnassets */,
			);
			path = 3dModels;
			sourceTree = "<group>";
		};
		9E6F6A9A2082164F00635874 /* Color */ = {
			isa = PBXGroup;
			children = (
				34DC1B642081FF7C00AF0996 /* UIColor+appColor.swift */,
			);
			path = Color;
			sourceTree = "<group>";
		};
		9E6F6A9B2082165600635874 /* Font */ = {
			isa = PBXGroup;
			children = (
				34DC1B662081FFC000AF0996 /* UIFont+appFont.swift */,
			);
			path = Font;
			sourceTree = "<group>";
		};
		9E6F6A9C2082165A00635874 /* Extensions */ = {
			isa = PBXGroup;
			children = (
				9E6F6A9D2082167100635874 /* float4x4 Extension.swift */,
			);
			path = Extensions;
			sourceTree = "<group>";
		};
		9EA0AF1D2083709A0061E21B /* infoScreen */ = {
			isa = PBXGroup;
			children = (
				9EA0AF1F2083709A0061E21B /* InfoView.swift */,
				9EA0AF202083709A0061E21B /* ScrollLabel.swift */,
				9EA0AF212083709A0061E21B /* MainInfoView.swift */,
			);
			name = infoScreen;
			path = GusGame/modules/main/views/infoScreen;
			sourceTree = SOURCE_ROOT;
		};
		9EE9069C2082AF9B000D9602 /* DataBarSelectorView */ = {
			isa = PBXGroup;
			children = (
				F151FD892083743C0060B32F /* infoViewIcon */,
				9EE9069D2082AFD7000D9602 /* DataBarSelectorView.swift */,
				9EA0AF1D2083709A0061E21B /* infoScreen */,
				9EE906A82083590B000D9602 /* gameSummary */,
			);
			path = DataBarSelectorView;
			sourceTree = "<group>";
		};
		9EE906A520830472000D9602 /* animations */ = {
			isa = PBXGroup;
			children = (
				9EE906A62083047F000D9602 /* Animations.swift */,
			);
			path = animations;
			sourceTree = "<group>";
		};
		9EE906A82083590B000D9602 /* gameSummary */ = {
			isa = PBXGroup;
			children = (
				9EE906A92083590B000D9602 /* SummaryView.swift */,
				9EE906AA2083590B000D9602 /* PositionView.swift */,
			);
			name = gameSummary;
			path = GusGame/modules/main/views/gameSummary;
			sourceTree = SOURCE_ROOT;
		};
		C5C1189BA0183E8ABF952EBA /* Frameworks */ = {
			isa = PBXGroup;
			children = (
				D3C95457F1D35C764814FC41 /* Pods_GusGame.framework */,
				489FE0B3EB54705685ED01BC /* Pods_GusGameTests.framework */,
			);
			name = Frameworks;
			sourceTree = "<group>";
		};
		F151FD892083743C0060B32F /* infoViewIcon */ = {
			isa = PBXGroup;
			children = (
				F151FD8A208374750060B32F /* InfoViewIcon.swift */,
				F151FD8C2083762B0060B32F /* Storyboard.storyboard */,
			);
			path = infoViewIcon;
			sourceTree = "<group>";
		};
/* End PBXGroup section */

/* Begin PBXNativeTarget section */
		346B281E207F6F23006F0B96 /* GusGame */ = {
			isa = PBXNativeTarget;
			buildConfigurationList = 346B283E207F6F26006F0B96 /* Build configuration list for PBXNativeTarget "GusGame" */;
			buildPhases = (
				DAA8CC82008CC7A0346225A9 /* [CP] Check Pods Manifest.lock */,
				346B281B207F6F23006F0B96 /* Sources */,
				346B281C207F6F23006F0B96 /* Frameworks */,
				346B281D207F6F23006F0B96 /* Resources */,
				B5B846836D42CEF44DFF8673 /* [CP] Embed Pods Frameworks */,
			);
			buildRules = (
			);
			dependencies = (
				34EBF20C208DD164005FEFF4 /* PBXTargetDependency */,
			);
			name = GusGame;
			productName = GusGame;
			productReference = 346B281F207F6F23006F0B96 /* GusGame.app */;
			productType = "com.apple.product-type.application";
		};
		346B2834207F6F26006F0B96 /* GusGameTests */ = {
			isa = PBXNativeTarget;
			buildConfigurationList = 346B2841207F6F26006F0B96 /* Build configuration list for PBXNativeTarget "GusGameTests" */;
			buildPhases = (
				D7DAD578071EA4AA3FDD4712 /* [CP] Check Pods Manifest.lock */,
				346B2831207F6F26006F0B96 /* Sources */,
				346B2832207F6F26006F0B96 /* Frameworks */,
				346B2833207F6F26006F0B96 /* Resources */,
			);
			buildRules = (
			);
			dependencies = (
				346B2837207F6F26006F0B96 /* PBXTargetDependency */,
			);
			name = GusGameTests;
			productName = GusGameTests;
			productReference = 346B2835207F6F26006F0B96 /* GusGameTests.xctest */;
			productType = "com.apple.product-type.bundle.unit-test";
		};
/* End PBXNativeTarget section */

/* Begin PBXProject section */
		346B2817207F6F23006F0B96 /* Project object */ = {
			isa = PBXProject;
			attributes = {
				LastSwiftUpdateCheck = 0930;
				LastUpgradeCheck = 0930;
				ORGANIZATIONNAME = "Paweł Czerwiński";
				TargetAttributes = {
					346B281E207F6F23006F0B96 = {
						CreatedOnToolsVersion = 9.3;
					};
					346B2834207F6F26006F0B96 = {
						CreatedOnToolsVersion = 9.3;
						TestTargetID = 346B281E207F6F23006F0B96;
					};
				};
			};
			buildConfigurationList = 346B281A207F6F23006F0B96 /* Build configuration list for PBXProject "GusGame" */;
			compatibilityVersion = "Xcode 9.3";
			developmentRegion = en;
			hasScannedForEncodings = 0;
			knownRegions = (
				Base,
				pl,
				en,
			);
			mainGroup = 346B2816207F6F23006F0B96;
			productRefGroup = 346B2820207F6F23006F0B96 /* Products */;
			projectDirPath = "";
			projectReferences = (
				{
					ProductGroup = 34EBF202208DD050005FEFF4 /* Products */;
					ProjectRef = 34EBF201208DD050005FEFF4 /* Translations.xcodeproj */;
				},
			);
			projectRoot = "";
			targets = (
				346B281E207F6F23006F0B96 /* GusGame */,
				346B2834207F6F26006F0B96 /* GusGameTests */,
			);
		};
/* End PBXProject section */

/* Begin PBXResourcesBuildPhase section */
		346B281D207F6F23006F0B96 /* Resources */ = {
			isa = PBXResourcesBuildPhase;
			buildActionMask = 2147483647;
			files = (
				34EBF225208DD63C005FEFF4 /* Localizable.strings in Resources */,
				34EBF22C208DD6E2005FEFF4 /* Localizable.stringsdict in Resources */,
				34A9F2F72082AA6000C192B1 /* PlayerView.xib in Resources */,
				346B2825207F6F23006F0B96 /* art.scnassets in Resources */,
				346B282F207F6F26006F0B96 /* LaunchScreen.storyboard in Resources */,
				346B282C207F6F26006F0B96 /* Assets.xcassets in Resources */,
				F151FD8D2083762B0060B32F /* Storyboard.storyboard in Resources */,
				34FBF00920925E0000E2B6D3 /* InfoPlist.strings in Resources */,
				346B282A207F6F23006F0B96 /* Main.storyboard in Resources */,
			);
			runOnlyForDeploymentPostprocessing = 0;
		};
		346B2833207F6F26006F0B96 /* Resources */ = {
			isa = PBXResourcesBuildPhase;
			buildActionMask = 2147483647;
			files = (
			);
			runOnlyForDeploymentPostprocessing = 0;
		};
/* End PBXResourcesBuildPhase section */

/* Begin PBXShellScriptBuildPhase section */
		B5B846836D42CEF44DFF8673 /* [CP] Embed Pods Frameworks */ = {
			isa = PBXShellScriptBuildPhase;
			buildActionMask = 2147483647;
			files = (
			);
			inputPaths = (
				"${SRCROOT}/Pods/Target Support Files/Pods-GusGame/Pods-GusGame-frameworks.sh",
				"${BUILT_PRODUCTS_DIR}/Alamofire/Alamofire.framework",
				"${BUILT_PRODUCTS_DIR}/ObjectMapper/ObjectMapper.framework",
				"${BUILT_PRODUCTS_DIR}/PromiseKit/PromiseKit.framework",
				"${BUILT_PRODUCTS_DIR}/RxSwift/RxSwift.framework",
			);
			name = "[CP] Embed Pods Frameworks";
			outputPaths = (
				"${TARGET_BUILD_DIR}/${FRAMEWORKS_FOLDER_PATH}/Alamofire.framework",
				"${TARGET_BUILD_DIR}/${FRAMEWORKS_FOLDER_PATH}/ObjectMapper.framework",
				"${TARGET_BUILD_DIR}/${FRAMEWORKS_FOLDER_PATH}/PromiseKit.framework",
				"${TARGET_BUILD_DIR}/${FRAMEWORKS_FOLDER_PATH}/RxSwift.framework",
			);
			runOnlyForDeploymentPostprocessing = 0;
			shellPath = /bin/sh;
			shellScript = "\"${SRCROOT}/Pods/Target Support Files/Pods-GusGame/Pods-GusGame-frameworks.sh\"\n";
			showEnvVarsInLog = 0;
		};
		D7DAD578071EA4AA3FDD4712 /* [CP] Check Pods Manifest.lock */ = {
			isa = PBXShellScriptBuildPhase;
			buildActionMask = 2147483647;
			files = (
			);
			inputPaths = (
				"${PODS_PODFILE_DIR_PATH}/Podfile.lock",
				"${PODS_ROOT}/Manifest.lock",
			);
			name = "[CP] Check Pods Manifest.lock";
			outputPaths = (
				"$(DERIVED_FILE_DIR)/Pods-GusGameTests-checkManifestLockResult.txt",
			);
			runOnlyForDeploymentPostprocessing = 0;
			shellPath = /bin/sh;
			shellScript = "diff \"${PODS_PODFILE_DIR_PATH}/Podfile.lock\" \"${PODS_ROOT}/Manifest.lock\" > /dev/null\nif [ $? != 0 ] ; then\n    # print error to STDERR\n    echo \"error: The sandbox is not in sync with the Podfile.lock. Run 'pod install' or update your CocoaPods installation.\" >&2\n    exit 1\nfi\n# This output is used by Xcode 'outputs' to avoid re-running this script phase.\necho \"SUCCESS\" > \"${SCRIPT_OUTPUT_FILE_0}\"\n";
			showEnvVarsInLog = 0;
		};
		DAA8CC82008CC7A0346225A9 /* [CP] Check Pods Manifest.lock */ = {
			isa = PBXShellScriptBuildPhase;
			buildActionMask = 2147483647;
			files = (
			);
			inputPaths = (
				"${PODS_PODFILE_DIR_PATH}/Podfile.lock",
				"${PODS_ROOT}/Manifest.lock",
			);
			name = "[CP] Check Pods Manifest.lock";
			outputPaths = (
				"$(DERIVED_FILE_DIR)/Pods-GusGame-checkManifestLockResult.txt",
			);
			runOnlyForDeploymentPostprocessing = 0;
			shellPath = /bin/sh;
			shellScript = "diff \"${PODS_PODFILE_DIR_PATH}/Podfile.lock\" \"${PODS_ROOT}/Manifest.lock\" > /dev/null\nif [ $? != 0 ] ; then\n    # print error to STDERR\n    echo \"error: The sandbox is not in sync with the Podfile.lock. Run 'pod install' or update your CocoaPods installation.\" >&2\n    exit 1\nfi\n# This output is used by Xcode 'outputs' to avoid re-running this script phase.\necho \"SUCCESS\" > \"${SCRIPT_OUTPUT_FILE_0}\"\n";
			showEnvVarsInLog = 0;
		};
/* End PBXShellScriptBuildPhase section */

/* Begin PBXSourcesBuildPhase section */
		346B281B207F6F23006F0B96 /* Sources */ = {
			isa = PBXSourcesBuildPhase;
			buildActionMask = 2147483647;
			files = (
				9EE9069B2082A4E5000D9602 /* ElementModel.swift in Sources */,
				34F7101E208249EC0094EC9F /* PresentDataPhase.swift in Sources */,
				34A9F2E42082A9AA00C192B1 /* Int+logarithm.swift in Sources */,
				34EC6E9220822CCA00DF5087 /* FindCountryPhase.swift in Sources */,
				34913BC4207F88660031CD6F /* Country.swift in Sources */,
				34913BBA207F71FE0031CD6F /* MainViewController.swift in Sources */,
				34EC6E9620822F3B00DF5087 /* PutWorkersPhase.swift in Sources */,
				34DC1B632081FD9C00AF0996 /* TextControl.swift in Sources */,
				34913BC1207F7FBB0031CD6F /* ApiService+euroData.swift in Sources */,
				9EA0AF252083709B0061E21B /* ScrollLabel.swift in Sources */,
				34F7101820823D890094EC9F /* EndTurnPhase.swift in Sources */,
				34DC1B652081FF7C00AF0996 /* UIColor+appColor.swift in Sources */,
				34EBF215208DD2F2005FEFF4 /* R.swift in Sources */,
				34DC1B5E2081FBE500AF0996 /* BasicViews.swift in Sources */,
				34A9F2E82082AA0300C192B1 /* DelegateWorkersView.swift in Sources */,
				34DC1B69208202D500AF0996 /* CountriesHelper.swift in Sources */,
				F151FD8B208374750060B32F /* InfoViewIcon.swift in Sources */,
				34A9F2E72082AA0300C192B1 /* WorkersPicker.swift in Sources */,
				9EA0AF242083709B0061E21B /* InfoView.swift in Sources */,
				34A9F2F82082AA6000C192B1 /* PlayersView.swift in Sources */,
				34EC6E9420822E1C00DF5087 /* MutableGame.swift in Sources */,
				9EE906AB2083590B000D9602 /* SummaryView.swift in Sources */,
				34EBF217208DD36C005FEFF4 /* R_extensions.swift in Sources */,
				34A9F2F92082AA6000C192B1 /* MainView.swift in Sources */,
				34DC1B5B2081FB4A00AF0996 /* Move.swift in Sources */,
				34913BCD207FA1370031CD6F /* Table.swift in Sources */,
				34EC6E9020822CA500DF5087 /* Phase.swift in Sources */,
				34DC1B602081FC9F00AF0996 /* OpacityControl.swift in Sources */,
				34DC1B592081FB3500AF0996 /* Player.swift in Sources */,
				343242EC2082C88500DF9E8F /* MainViewController+GameManager.swift in Sources */,
				34A9F2FC2082AD0E00C192B1 /* GameManager.swift in Sources */,
				34A9F2FA2082AA6000C192B1 /* LabelView.swift in Sources */,
				34913BBF207F759D0031CD6F /* ApiService.swift in Sources */,
				34DC1B672081FFC000AF0996 /* UIFont+appFont.swift in Sources */,
				34EC6E9A2082336F00DF5087 /* NextPlayerPhase.swift in Sources */,
				9EA0AF262083709B0061E21B /* MainInfoView.swift in Sources */,
				34EC6E98208231B700DF5087 /* QuestionPhase.swift in Sources */,
				9EE906992082A1EF000D9602 /* BarChartCreator.swift in Sources */,
				9EE9069E2082AFD7000D9602 /* DataBarSelectorView.swift in Sources */,
				9E6F6AA020823F1600635874 /* BarNodeType.swift in Sources */,
				34913BBD207F723D0031CD6F /* BasicViewController.swift in Sources */,
				34DC1B572081FB2300AF0996 /* Game.swift in Sources */,
				34913BCF207FA2610031CD6F /* Value.swift in Sources */,
				9E6F6A9E2082167100635874 /* float4x4 Extension.swift in Sources */,
				34A9F2F62082AA6000C192B1 /* PlayerView.swift in Sources */,
				346B2823207F6F23006F0B96 /* AppDelegate.swift in Sources */,
				34913BC7207F97C10031CD6F /* TableConverter.swift in Sources */,
				9EE906A72083047F000D9602 /* Animations.swift in Sources */,
				34F7101C208246090094EC9F /* QuestionData.swift in Sources */,
				9EE906AC2083590B000D9602 /* PositionView.swift in Sources */,
				34F7101A208240F40094EC9F /* EndGamePhase.swift in Sources */,
				34DC1B6B2082074300AF0996 /* SecondPhaseHelper.swift in Sources */,
			);
			runOnlyForDeploymentPostprocessing = 0;
		};
		346B2831207F6F26006F0B96 /* Sources */ = {
			isa = PBXSourcesBuildPhase;
			buildActionMask = 2147483647;
			files = (
				346B283A207F6F26006F0B96 /* GusGameTests.swift in Sources */,
				34913BCB207F9EA50031CD6F /* TableConverterTests.swift in Sources */,
			);
			runOnlyForDeploymentPostprocessing = 0;
		};
/* End PBXSourcesBuildPhase section */

/* Begin PBXTargetDependency section */
		346B2837207F6F26006F0B96 /* PBXTargetDependency */ = {
			isa = PBXTargetDependency;
			target = 346B281E207F6F23006F0B96 /* GusGame */;
			targetProxy = 346B2836207F6F26006F0B96 /* PBXContainerItemProxy */;
		};
		34EBF20C208DD164005FEFF4 /* PBXTargetDependency */ = {
			isa = PBXTargetDependency;
			name = Translations;
			targetProxy = 34EBF20B208DD164005FEFF4 /* PBXContainerItemProxy */;
		};
/* End PBXTargetDependency section */

/* Begin PBXVariantGroup section */
		346B2828207F6F23006F0B96 /* Main.storyboard */ = {
			isa = PBXVariantGroup;
			children = (
				34EBF219208DD444005FEFF4 /* Base */,
			);
			name = Main.storyboard;
			sourceTree = "<group>";
		};
		346B282D207F6F26006F0B96 /* LaunchScreen.storyboard */ = {
			isa = PBXVariantGroup;
			children = (
				346B282E207F6F26006F0B96 /* Base */,
			);
			name = LaunchScreen.storyboard;
			sourceTree = "<group>";
		};
		34EBF222208DD63C005FEFF4 /* Localizable.strings */ = {
			isa = PBXVariantGroup;
			children = (
				34EBF223208DD63C005FEFF4 /* Base */,
				34EBF227208DD655005FEFF4 /* pl */,
			);
			name = Localizable.strings;
			sourceTree = "<group>";
		};
		34EBF22A208DD6E2005FEFF4 /* Localizable.stringsdict */ = {
			isa = PBXVariantGroup;
			children = (
				34EBF22B208DD6E2005FEFF4 /* Base */,
				34EBF22D208DD6EC005FEFF4 /* pl */,
			);
			name = Localizable.stringsdict;
			sourceTree = "<group>";
		};
		34FBF00B20925E0000E2B6D3 /* InfoPlist.strings */ = {
			isa = PBXVariantGroup;
			children = (
				34FBF00A20925E0000E2B6D3 /* pl */,
				34FBF00C20925E0200E2B6D3 /* en */,
			);
			name = InfoPlist.strings;
			sourceTree = "<group>";
		};
/* End PBXVariantGroup section */

/* Begin XCBuildConfiguration section */
		346B283C207F6F26006F0B96 /* Debug */ = {
			isa = XCBuildConfiguration;
			buildSettings = {
				ALWAYS_SEARCH_USER_PATHS = NO;
				CLANG_ANALYZER_LOCALIZABILITY_NONLOCALIZED = YES;
				CLANG_ANALYZER_NONNULL = YES;
				CLANG_ANALYZER_NUMBER_OBJECT_CONVERSION = YES_AGGRESSIVE;
				CLANG_CXX_LANGUAGE_STANDARD = "gnu++14";
				CLANG_CXX_LIBRARY = "libc++";
				CLANG_ENABLE_MODULES = YES;
				CLANG_ENABLE_OBJC_ARC = YES;
				CLANG_ENABLE_OBJC_WEAK = YES;
				CLANG_WARN_BLOCK_CAPTURE_AUTORELEASING = YES;
				CLANG_WARN_BOOL_CONVERSION = YES;
				CLANG_WARN_COMMA = YES;
				CLANG_WARN_CONSTANT_CONVERSION = YES;
				CLANG_WARN_DEPRECATED_OBJC_IMPLEMENTATIONS = YES;
				CLANG_WARN_DIRECT_OBJC_ISA_USAGE = YES_ERROR;
				CLANG_WARN_DOCUMENTATION_COMMENTS = YES;
				CLANG_WARN_EMPTY_BODY = YES;
				CLANG_WARN_ENUM_CONVERSION = YES;
				CLANG_WARN_INFINITE_RECURSION = YES;
				CLANG_WARN_INT_CONVERSION = YES;
				CLANG_WARN_NON_LITERAL_NULL_CONVERSION = YES;
				CLANG_WARN_OBJC_IMPLICIT_RETAIN_SELF = YES;
				CLANG_WARN_OBJC_LITERAL_CONVERSION = YES;
				CLANG_WARN_OBJC_ROOT_CLASS = YES_ERROR;
				CLANG_WARN_RANGE_LOOP_ANALYSIS = YES;
				CLANG_WARN_STRICT_PROTOTYPES = YES;
				CLANG_WARN_SUSPICIOUS_MOVE = YES;
				CLANG_WARN_UNGUARDED_AVAILABILITY = YES_AGGRESSIVE;
				CLANG_WARN_UNREACHABLE_CODE = YES;
				CLANG_WARN__DUPLICATE_METHOD_MATCH = YES;
				CODE_SIGN_IDENTITY = "iPhone Developer";
				COPY_PHASE_STRIP = NO;
				DEBUG_INFORMATION_FORMAT = dwarf;
				ENABLE_STRICT_OBJC_MSGSEND = YES;
				ENABLE_TESTABILITY = YES;
				GCC_C_LANGUAGE_STANDARD = gnu11;
				GCC_DYNAMIC_NO_PIC = NO;
				GCC_NO_COMMON_BLOCKS = YES;
				GCC_OPTIMIZATION_LEVEL = 0;
				GCC_PREPROCESSOR_DEFINITIONS = (
					"DEBUG=1",
					"$(inherited)",
				);
				GCC_WARN_64_TO_32_BIT_CONVERSION = YES;
				GCC_WARN_ABOUT_RETURN_TYPE = YES_ERROR;
				GCC_WARN_UNDECLARED_SELECTOR = YES;
				GCC_WARN_UNINITIALIZED_AUTOS = YES_AGGRESSIVE;
				GCC_WARN_UNUSED_FUNCTION = YES;
				GCC_WARN_UNUSED_VARIABLE = YES;
				IPHONEOS_DEPLOYMENT_TARGET = 11.3;
				MTL_ENABLE_DEBUG_INFO = YES;
				ONLY_ACTIVE_ARCH = YES;
				SDKROOT = iphoneos;
				SWIFT_ACTIVE_COMPILATION_CONDITIONS = DEBUG;
				SWIFT_OPTIMIZATION_LEVEL = "-Onone";
			};
			name = Debug;
		};
		346B283D207F6F26006F0B96 /* Release */ = {
			isa = XCBuildConfiguration;
			buildSettings = {
				ALWAYS_SEARCH_USER_PATHS = NO;
				CLANG_ANALYZER_LOCALIZABILITY_NONLOCALIZED = YES;
				CLANG_ANALYZER_NONNULL = YES;
				CLANG_ANALYZER_NUMBER_OBJECT_CONVERSION = YES_AGGRESSIVE;
				CLANG_CXX_LANGUAGE_STANDARD = "gnu++14";
				CLANG_CXX_LIBRARY = "libc++";
				CLANG_ENABLE_MODULES = YES;
				CLANG_ENABLE_OBJC_ARC = YES;
				CLANG_ENABLE_OBJC_WEAK = YES;
				CLANG_WARN_BLOCK_CAPTURE_AUTORELEASING = YES;
				CLANG_WARN_BOOL_CONVERSION = YES;
				CLANG_WARN_COMMA = YES;
				CLANG_WARN_CONSTANT_CONVERSION = YES;
				CLANG_WARN_DEPRECATED_OBJC_IMPLEMENTATIONS = YES;
				CLANG_WARN_DIRECT_OBJC_ISA_USAGE = YES_ERROR;
				CLANG_WARN_DOCUMENTATION_COMMENTS = YES;
				CLANG_WARN_EMPTY_BODY = YES;
				CLANG_WARN_ENUM_CONVERSION = YES;
				CLANG_WARN_INFINITE_RECURSION = YES;
				CLANG_WARN_INT_CONVERSION = YES;
				CLANG_WARN_NON_LITERAL_NULL_CONVERSION = YES;
				CLANG_WARN_OBJC_IMPLICIT_RETAIN_SELF = YES;
				CLANG_WARN_OBJC_LITERAL_CONVERSION = YES;
				CLANG_WARN_OBJC_ROOT_CLASS = YES_ERROR;
				CLANG_WARN_RANGE_LOOP_ANALYSIS = YES;
				CLANG_WARN_STRICT_PROTOTYPES = YES;
				CLANG_WARN_SUSPICIOUS_MOVE = YES;
				CLANG_WARN_UNGUARDED_AVAILABILITY = YES_AGGRESSIVE;
				CLANG_WARN_UNREACHABLE_CODE = YES;
				CLANG_WARN__DUPLICATE_METHOD_MATCH = YES;
				CODE_SIGN_IDENTITY = "iPhone Developer";
				COPY_PHASE_STRIP = NO;
				DEBUG_INFORMATION_FORMAT = "dwarf-with-dsym";
				ENABLE_NS_ASSERTIONS = NO;
				ENABLE_STRICT_OBJC_MSGSEND = YES;
				GCC_C_LANGUAGE_STANDARD = gnu11;
				GCC_NO_COMMON_BLOCKS = YES;
				GCC_WARN_64_TO_32_BIT_CONVERSION = YES;
				GCC_WARN_ABOUT_RETURN_TYPE = YES_ERROR;
				GCC_WARN_UNDECLARED_SELECTOR = YES;
				GCC_WARN_UNINITIALIZED_AUTOS = YES_AGGRESSIVE;
				GCC_WARN_UNUSED_FUNCTION = YES;
				GCC_WARN_UNUSED_VARIABLE = YES;
				IPHONEOS_DEPLOYMENT_TARGET = 11.3;
				MTL_ENABLE_DEBUG_INFO = NO;
				SDKROOT = iphoneos;
				SWIFT_COMPILATION_MODE = wholemodule;
				SWIFT_OPTIMIZATION_LEVEL = "-O";
				VALIDATE_PRODUCT = YES;
			};
			name = Release;
		};
		346B283F207F6F26006F0B96 /* Debug */ = {
			isa = XCBuildConfiguration;
			baseConfigurationReference = 087F1F5C73D5BC50D7DB32BE /* Pods-GusGame.debug.xcconfig */;
			buildSettings = {
				ASSETCATALOG_COMPILER_APPICON_NAME = AppIcon;
				CODE_SIGN_STYLE = Automatic;
				DEVELOPMENT_TEAM = GU34X5QPPY;
				INFOPLIST_FILE = "$(SRCROOT)/GusGame/support files/Info.plist";
				IPHONEOS_DEPLOYMENT_TARGET = 11.0;
				LD_RUNPATH_SEARCH_PATHS = (
					"$(inherited)",
					"@executable_path/Frameworks",
				);
				PRODUCT_BUNDLE_IDENTIFIER = "pl.BoroCode.GusGame-PC";
				PRODUCT_NAME = "$(TARGET_NAME)";
				SWIFT_VERSION = 4.0;
				TARGETED_DEVICE_FAMILY = "1,2";
			};
			name = Debug;
		};
		346B2840207F6F26006F0B96 /* Release */ = {
			isa = XCBuildConfiguration;
			baseConfigurationReference = AF6F809B0B18D09B6BB90295 /* Pods-GusGame.release.xcconfig */;
			buildSettings = {
				ASSETCATALOG_COMPILER_APPICON_NAME = AppIcon;
				CODE_SIGN_STYLE = Automatic;
				DEVELOPMENT_TEAM = GU34X5QPPY;
				INFOPLIST_FILE = "$(SRCROOT)/GusGame/support files/Info.plist";
				IPHONEOS_DEPLOYMENT_TARGET = 11.0;
				LD_RUNPATH_SEARCH_PATHS = (
					"$(inherited)",
					"@executable_path/Frameworks",
				);
				PRODUCT_BUNDLE_IDENTIFIER = "pl.BoroCode.GusGame-PC";
				PRODUCT_NAME = "$(TARGET_NAME)";
				SWIFT_VERSION = 4.0;
				TARGETED_DEVICE_FAMILY = "1,2";
			};
			name = Release;
		};
		346B2842207F6F26006F0B96 /* Debug */ = {
			isa = XCBuildConfiguration;
			baseConfigurationReference = 7C831D4C968E17BE88CD983C /* Pods-GusGameTests.debug.xcconfig */;
			buildSettings = {
				ALWAYS_EMBED_SWIFT_STANDARD_LIBRARIES = YES;
				BUNDLE_LOADER = "$(TEST_HOST)";
				CODE_SIGN_STYLE = Automatic;
				DEVELOPMENT_TEAM = GU34X5QPPY;
				INFOPLIST_FILE = GusGameTests/Info.plist;
				LD_RUNPATH_SEARCH_PATHS = (
					"$(inherited)",
					"@executable_path/Frameworks",
					"@loader_path/Frameworks",
				);
				PRODUCT_BUNDLE_IDENTIFIER = pl.BoroCode.GusGameTests;
				PRODUCT_NAME = "$(TARGET_NAME)";
				SWIFT_VERSION = 4.0;
				TARGETED_DEVICE_FAMILY = "1,2";
				TEST_HOST = "$(BUILT_PRODUCTS_DIR)/GusGame.app/GusGame";
			};
			name = Debug;
		};
		346B2843207F6F26006F0B96 /* Release */ = {
			isa = XCBuildConfiguration;
			baseConfigurationReference = 805215B825499F75CEE9BDA6 /* Pods-GusGameTests.release.xcconfig */;
			buildSettings = {
				ALWAYS_EMBED_SWIFT_STANDARD_LIBRARIES = YES;
				BUNDLE_LOADER = "$(TEST_HOST)";
				CODE_SIGN_STYLE = Automatic;
				DEVELOPMENT_TEAM = GU34X5QPPY;
				INFOPLIST_FILE = GusGameTests/Info.plist;
				LD_RUNPATH_SEARCH_PATHS = (
					"$(inherited)",
					"@executable_path/Frameworks",
					"@loader_path/Frameworks",
				);
				PRODUCT_BUNDLE_IDENTIFIER = pl.BoroCode.GusGameTests;
				PRODUCT_NAME = "$(TARGET_NAME)";
				SWIFT_VERSION = 4.0;
				TARGETED_DEVICE_FAMILY = "1,2";
				TEST_HOST = "$(BUILT_PRODUCTS_DIR)/GusGame.app/GusGame";
			};
			name = Release;
		};
/* End XCBuildConfiguration section */

/* Begin XCConfigurationList section */
		346B281A207F6F23006F0B96 /* Build configuration list for PBXProject "GusGame" */ = {
			isa = XCConfigurationList;
			buildConfigurations = (
				346B283C207F6F26006F0B96 /* Debug */,
				346B283D207F6F26006F0B96 /* Release */,
			);
			defaultConfigurationIsVisible = 0;
			defaultConfigurationName = Release;
		};
		346B283E207F6F26006F0B96 /* Build configuration list for PBXNativeTarget "GusGame" */ = {
			isa = XCConfigurationList;
			buildConfigurations = (
				346B283F207F6F26006F0B96 /* Debug */,
				346B2840207F6F26006F0B96 /* Release */,
			);
			defaultConfigurationIsVisible = 0;
			defaultConfigurationName = Release;
		};
		346B2841207F6F26006F0B96 /* Build configuration list for PBXNativeTarget "GusGameTests" */ = {
			isa = XCConfigurationList;
			buildConfigurations = (
				346B2842207F6F26006F0B96 /* Debug */,
				346B2843207F6F26006F0B96 /* Release */,
			);
			defaultConfigurationIsVisible = 0;
			defaultConfigurationName = Release;
		};
/* End XCConfigurationList section */
	};
	rootObject = 346B2817207F6F23006F0B96 /* Project object */;
}
